
Microsoft Visual Studio Solution File, Format Version 12.00
# Visual Studio Version 16
VisualStudioVersion = 16.0.30804.86
MinimumVisualStudioVersion = 10.0.40219.1
Project("{FAE04EC0-301F-11D3-BF4B-00C04F79EFBC}") = "yacht", "yacht\yacht.csproj", "{7CB52DE6-3EAD-44DE-9031-DE8677B4407C}"
EndProject
Global
	GlobalSection(SolutionConfigurationPlatforms) = preSolution
		Debug|Any CPU = Debug|Any CPU
		Release|Any CPU = Release|Any CPU
	EndGlobalSection
	GlobalSection(ProjectConfigurationPlatforms) = postSolution
		{7CB52DE6-3EAD-44DE-9031-DE8677B4407C}.Debug|Any CPU.ActiveCfg = Debug|Any CPU
		{7CB52DE6-3EAD-44DE-9031-DE8677B4407C}.Debug|Any CPU.Build.0 = Debug|Any CPU
		{7CB52DE6-3EAD-44DE-9031-DE8677B4407C}.Release|Any CPU.ActiveCfg = Release|Any CPU
		{7CB52DE6-3EAD-44DE-9031-DE8677B4407C}.Release|Any CPU.Build.0 = Release|Any CPU
	EndGlobalSection
	GlobalSection(SolutionProperties) = preSolution
		HideSolutionNode = FALSE
	EndGlobalSection
	GlobalSection(ExtensibilityGlobals) = postSolution
		SolutionGuid = {4C739F1B-6F32-4047-9EBC-5B1BDCF2C2BE}
	EndGlobalSection
EndGlobal
